{
  "requires": true,
  "lockfileVersion": 1,
  "dependencies": {
    "bootstrap": {
      "version": "4.5.2",
      "resolved": "https://registry.npmjs.org/bootstrap/-/bootstrap-4.5.2.tgz",
      "integrity": "sha512-vlGn0bcySYl/iV+BGA544JkkZP5LB3jsmkeKLFQakCOwCM3AOk7VkldBz4jrzSe+Z0Ezn99NVXa1o45cQY4R6A=="
    },
    "uview-ui": {
      "version": "1.8.3",
      "resolved": "https://registry.npmjs.org/uview-ui/-/uview-ui-1.8.3.tgz",
      "integrity": "sha512-DqKc+qRrOZLPcyfWv4b0HspSS9n1Cd6BbgKiYEv9rjTAnWoqJV7rXsvWqZdr5iKGP5EMNbNS741GLNw4sIHbpw=="
    }
  }
}
